// !$*UTF8*$!
{
	archiveVersion = 1;
	classes = {
	};
	objectVersion = 46;
	objects = {

/* Begin PBXBuildFile section */
		FBB59BFA1E722798009649A5 /* AppDelegate.swift in Sources */ = {isa = PBXBuildFile; fileRef = FBB59BF91E722798009649A5 /* AppDelegate.swift */; };
		FBB59BFC1E722798009649A5 /* ViewController.swift in Sources */ = {isa = PBXBuildFile; fileRef = FBB59BFB1E722798009649A5 /* ViewController.swift */; };
		FBB59BFF1E722798009649A5 /* Main.storyboard in Resources */ = {isa = PBXBuildFile; fileRef = FBB59BFD1E722798009649A5 /* Main.storyboard */; };
		FBB59C011E722798009649A5 /* Assets.xcassets in Resources */ = {isa = PBXBuildFile; fileRef = FBB59C001E722798009649A5 /* Assets.xcassets */; };
		FBB59C041E722798009649A5 /* LaunchScreen.storyboard in Resources */ = {isa = PBXBuildFile; fileRef = FBB59C021E722798009649A5 /* LaunchScreen.storyboard */; };
/* End PBXBuildFile section */

/* Begin PBXFileReference section */
		FBB59BF61E722797009649A5 /* Gesture en iOS.app */ = {isa = PBXFileReference; explicitFileType = wrapper.application; includeInIndex = 0; path = "Gesture en iOS.app"; sourceTree = BUILT_PRODUCTS_DIR; };
		FBB59BF91E722798009649A5 /* AppDelegate.swift */ = {isa = PBXFileReference; lastKnownFileType = sourcecode.swift; path = AppDelegate.swift; sourceTree = "<group>"; };
		FBB59BFB1E722798009649A5 /* ViewController.swift */ = {isa = PBXFileReference; lastKnownFileType = sourcecode.swift; path = ViewController.swift; sourceTree = "<group>"; };
		FBB59BFE1E722798009649A5 /* Base */ = {isa = PBXFileReference; lastKnownFileType = file.storyboard; name = Base; path = Base.lproj/Main.storyboard; sourceTree = "<group>"; };
		FBB59C001E722798009649A5 /* Assets.xcassets */ = {isa = PBXFileReference; lastKnownFileType = folder.assetcatalog; path = Assets.xcassets; sourceTree = "<group>"; };
		FBB59C031E722798009649A5 /* Base */ = {isa = PBXFileReference; lastKnownFileType = file.storyboard; name = Base; path = Base.lproj/LaunchScreen.storyboard; sourceTree = "<group>"; };
		FBB59C051E722798009649A5 /* Info.plist */ = {isa = PBXFileReference; lastKnownFileType = text.plist.xml; path = Info.plist; sourceTree = "<group>"; };
/* End PBXFileReference section */

/* Begin PBXFrameworksBuildPhase section */
		FBB59BF31E722797009649A5 /* Frameworks */ = {
			isa = PBXFrameworksBuildPhase;
			buildActionMask = 2147483647;
			files = (
			);
			runOnlyForDeploymentPostprocessing = 0;
		};
/* End PBXFrameworksBuildPhase section */

/* Begin PBXGroup section */
		FBB59BED1E722797009649A5 = {
			isa = PBXGroup;
			children = (
				FBB59BF81E722798009649A5 /* Gesture en iOS */,
				FBB59BF71E722798009649A5 /* Products */,
			);
			sourceTree = "<group>";
		};
		FBB59BF71E722798009649A5 /* Products */ = {
			isa = PBXGroup;
			children = (
				FBB59BF61E722797009649A5 /* Gesture en iOS.app */,
			);
			name = Products;
			sourceTree = "<group>";
		};
		FBB59BF81E722798009649A5 /* Gesture en iOS */ = {
			isa = PBXGroup;
			children = (
				FBB59BF91E722798009649A5 /* AppDelegate.swift */,
				FBB59BFB1E722798009649A5 /* ViewController.swift */,
				FBB59BFD1E722798009649A5 /* Main.storyboard */,
				FBB59C001E722798009649A5 /* Assets.xcassets */,
				FBB59C021E722798009649A5 /* LaunchScreen.storyboard */,
				FBB59C051E722798009649A5 /* Info.plist */,
			);
			path = "Gesture en iOS";
			sourceTree = "<group>";
		};
/* End PBXGroup section */

/* Begin PBXNativeTarget section */
		FBB59BF51E722797009649A5 /* Gesture en iOS */ = {
			isa = PBXNativeTarget;
			buildConfigurationList = FBB59C081E722798009649A5 /* Build configuration list for PBXNativeTarget "Gesture en iOS" */;
			buildPhases = (
				FBB59BF21E722797009649A5 /* Sources */,
				FBB59BF31E722797009649A5 /* Frameworks */,
				FBB59BF41E722797009649A5 /* Resources */,
			);
			buildRules = (
			);
			dependencies = (
			);
			name = "Gesture en iOS";
			productName = "Gesture en iOS";
			productReference = FBB59BF61E722797009649A5 /* Gesture en iOS.app */;
			productType = "com.apple.product-type.application";
		};
/* End PBXNativeTarget section */

/* Begin PBXProject section */
		FBB59BEE1E722797009649A5 /* Project object */ = {
			isa = PBXProject;
			attributes = {
				LastSwiftUpdateCheck = 0800;
				LastUpgradeCheck = 0800;
				ORGANIZATIONNAME = william;
				TargetAttributes = {
					FBB59BF51E722797009649A5 = {
						CreatedOnToolsVersion = 8.0;
						ProvisioningStyle = Automatic;
					};
				};
			};
			buildConfigurationList = FBB59BF11E722797009649A5 /* Build configuration list for PBXProject "Gesture en iOS" */;
			compatibilityVersion = "Xcode 3.2";
			developmentRegion = English;
			hasScannedForEncodings = 0;
			knownRegions = (
				en,
				Base,
			);
			mainGroup = FBB59BED1E722797009649A5;
			productRefGroup = FBB59BF71E722798009649A5 /* Products */;
			projectDirPath = "";
			projectRoot = "";
			targets = (
				FBB59BF51E722797009649A5 /* Gesture en iOS */,
			);
		};
/* End PBXProject section */

/* Begin PBXResourcesBuildPhase section */
		FBB59BF41E722797009649A5 /* Resources */ = {
			isa = PBXResourcesBuildPhase;
			buildActionMask = 2147483647;
			files = (
				FBB59C041E722798009649A5 /* LaunchScreen.storyboard in Resources */,
				FBB59C011E722798009649A5 /* Assets.xcassets in Resources */,
				FBB59BFF1E722798009649A5 /* Main.storyboard in Resources */,
			);
			runOnlyForDeploymentPostprocessing = 0;
		};
/* End PBXResourcesBuildPhase section */

/* Begin PBXSourcesBuildPhase section */
		FBB59BF21E722797009649A5 /* Sources */ = {
			isa = PBXSourcesBuildPhase;
			buildActionMask = 2147483647;
			files = (
				FBB59BFC1E722798009649A5 /* ViewController.swift in Sources */,
				FBB59BFA1E722798009649A5 /* AppDelegate.swift in Sources */,
			);
			runOnlyForDeploymentPostprocessing = 0;
		};
/* End PBXSourcesBuildPhase section */

/* Begin PBXVariantGroup section */
		FBB59BFD1E722798009649A5 /* Main.storyboard */ = {
			isa = PBXVariantGroup;
			children = (
				FBB59BFE1E722798009649A5 /* Base */,
			);
			name = Main.storyboard;
			sourceTree = "<group>";
		};
		FBB59C021E722798009649A5 /* LaunchScreen.storyboard */ = {
			isa = PBXVariantGroup;
			children = (
				FBB59C031E722798009649A5 /* Base */,
			);
			name = LaunchScreen.storyboard;
			sourceTree = "<group>";
		};
/* End PBXVariantGroup section */

/* Begin XCBuildConfiguration section */
		FBB59C061E722798009649A5 /* Debug */ = {
			isa = XCBuildConfiguration;
			buildSettings = {
				ALWAYS_SEARCH_USER_PATHS = NO;
				CLANG_ANALYZER_NONNULL = YES;
				CLANG_CXX_LANGUAGE_STANDARD = "gnu++0x";
				CLANG_CXX_LIBRARY = "libc++";
				CLANG_ENABLE_MODULES = YES;
				CLANG_ENABLE_OBJC_ARC = YES;
				CLANG_WARN_BOOL_CONVERSION = YES;
				CLANG_WARN_CONSTANT_CONVERSION = YES;
				CLANG_WARN_DIRECT_OBJC_ISA_USAGE = YES_ERROR;
				CLANG_WARN_DOCUMENTATION_COMMENTS = YES;
				CLANG_WARN_EMPTY_BODY = YES;
				CLANG_WARN_ENUM_CONVERSION = YES;
				CLANG_WARN_INFINITE_RECURSION = YES;
				CLANG_WARN_INT_CONVERSION = YES;
				CLANG_WARN_OBJC_ROOT_CLASS = YES_ERROR;
				CLANG_WARN_SUSPICIOUS_MOVES = YES;
				CLANG_WARN_UNREACHABLE_CODE = YES;
				CLANG_WARN__DUPLICATE_METHOD_MATCH = YES;
				"CODE_SIGN_IDENTITY[sdk=iphoneos*]" = "iPhone Developer";
				COPY_PHASE_STRIP = NO;
				DEBUG_INFORMATION_FORMAT = dwarf;
				ENABLE_STRICT_OBJC_MSGSEND = YES;
				ENABLE_TESTABILITY = YES;
				GCC_C_LANGUAGE_STANDARD = gnu99;
				GCC_DYNAMIC_NO_PIC = NO;
				GCC_NO_COMMON_BLOCKS = YES;
				GCC_OPTIMIZATION_LEVEL = 0;
				GCC_PREPROCESSOR_DEFINITIONS = (
					"DEBUG=1",
					"$(inherited)",
				);
				GCC_WARN_64_TO_32_BIT_CONVERSION = YES;
				GCC_WARN_ABOUT_RETURN_TYPE = YES_ERROR;
				GCC_WARN_UNDECLARED_SELECTOR = YES;
				GCC_WARN_UNINITIALIZED_AUTOS = YES_AGGRESSIVE;
				GCC_WARN_UNUSED_FUNCTION = YES;
				GCC_WARN_UNUSED_VARIABLE = YES;
				IPHONEOS_DEPLOYMENT_TARGET = 10.0;
				MTL_ENABLE_DEBUG_INFO = YES;
				ONLY_ACTIVE_ARCH = YES;
				SDKROOT = iphoneos;
				SWIFT_ACTIVE_COMPILATION_CONDITIONS = DEBUG;
				SWIFT_OPTIMIZATION_LEVEL = "-Onone";
				TARGETED_DEVICE_FAMILY = "1,2";
			};
			name = Debug;
		};
		FBB59C071E722798009649A5 /* Release */ = {
			isa = XCBuildConfiguration;
			buildSettings = {
				ALWAYS_SEARCH_USER_PATHS = NO;
				CLANG_ANALYZER_NONNULL = YES;
				CLANG_CXX_LANGUAGE_STANDARD = "gnu++0x";
				CLANG_CXX_LIBRARY = "libc++";
				CLANG_ENABLE_MODULES = YES;
				CLANG_ENABLE_OBJC_ARC = YES;
				CLANG_WARN_BOOL_CONVERSION = YES;
				CLANG_WARN_CONSTANT_CONVERSION = YES;
				CLANG_WARN_DIRECT_OBJC_ISA_USAGE = YES_ERROR;
				CLANG_WARN_DOCUMENTATION_COMMENTS = YES;
				CLANG_WARN_EMPTY_BODY = YES;
				CLANG_WARN_ENUM_CONVERSION = YES;
				CLANG_WARN_INFINITE_RECURSION = YES;
				CLANG_WARN_INT_CONVERSION = YES;
				CLANG_WARN_OBJC_ROOT_CLASS = YES_ERROR;
				CLANG_WARN_SUSPICIOUS_MOVES = YES;
				CLANG_WARN_UNREACHABLE_CODE = YES;
				CLANG_WARN__DUPLICATE_METHOD_MATCH = YES;
				"CODE_SIGN_IDENTITY[sdk=iphoneos*]" = "iPhone Developer";
				COPY_PHASE_STRIP = NO;
				DEBUG_INFORMATION_FORMAT = "dwarf-with-dsym";
				ENABLE_NS_ASSERTIONS = NO;
				ENABLE_STRICT_OBJC_MSGSEND = YES;
				GCC_C_LANGUAGE_STANDARD = gnu99;
				GCC_NO_COMMON_BLOCKS = YES;
				GCC_WARN_64_TO_32_BIT_CONVERSION = YES;
				GCC_WARN_ABOUT_RETURN_TYPE = YES_ERROR;
				GCC_WARN_UNDECLARED_SELECTOR = YES;
				GCC_WARN_UNINITIALIZED_AUTOS = YES_AGGRESSIVE;
				GCC_WARN_UNUSED_FUNCTION = YES;
				GCC_WARN_UNUSED_VARIABLE = YES;
				IPHONEOS_DEPLOYMENT_TARGET = 10.0;
				MTL_ENABLE_DEBUG_INFO = NO;
				SDKROOT = iphoneos;
				SWIFT_OPTIMIZATION_LEVEL = "-Owholemodule";
				TARGETED_DEVICE_FAMILY = "1,2";
				VALIDATE_PRODUCT = YES;
			};
			name = Release;
		};
		FBB59C091E722798009649A5 /* Debug */ = {
			isa = XCBuildConfiguration;
			buildSettings = {
				ASSETCATALOG_COMPILER_APPICON_NAME = AppIcon;
				INFOPLIST_FILE = "Gesture en iOS/Info.plist";
				LD_RUNPATH_SEARCH_PATHS = "$(inherited) @executable_path/Frameworks";
				PRODUCT_BUNDLE_IDENTIFIER = "pe.sulca.Gesture-en-iOS";
				PRODUCT_NAME = "$(TARGET_NAME)";
				SWIFT_VERSION = 3.0;
			};
			name = Debug;
		};
		FBB59C0A1E722798009649A5 /* Release */ = {
			isa = XCBuildConfiguration;
			buildSettings = {
				ASSETCATALOG_COMPILER_APPICON_NAME = AppIcon;
				INFOPLIST_FILE = "Gesture en iOS/Info.plist";
				LD_RUNPATH_SEARCH_PATHS = "$(inherited) @executable_path/Frameworks";
				PRODUCT_BUNDLE_IDENTIFIER = "pe.sulca.Gesture-en-iOS";
				PRODUCT_NAME = "$(TARGET_NAME)";
				SWIFT_VERSION = 3.0;
			};
			name = Release;
		};
/* End XCBuildConfiguration section */

/* Begin XCConfigurationList section */
		FBB59BF11E722797009649A5 /* Build configuration list for PBXProject "Gesture en iOS" */ = {
			isa = XCConfigurationList;
			buildConfigurations = (
				FBB59C061E722798009649A5 /* Debug */,
				FBB59C071E722798009649A5 /* Release */,
			);
			defaultConfigurationIsVisible = 0;
			defaultConfigurationName = Release;
		};
		FBB59C081E722798009649A5 /* Build configuration list for PBXNativeTarget "Gesture en iOS" */ = {
			isa = XCConfigurationList;
			buildConfigurations = (
				FBB59C091E722798009649A5 /* Debug */,
				FBB59C0A1E722798009649A5 /* Release */,
			);
			defaultConfigurationIsVisible = 0;
		};
/* End XCConfigurationList section */
	};
	rootObject = FBB59BEE1E722797009649A5 /* Project object */;
}
